{
  "version": 4,
  "terraform_version": "1.3.9",
  "serial": 191,
  "lineage": "955d9e63-e66b-3b50-4a53-827ae7622d99",
  "outputs": {},
  "resources": [
    {
      "mode": "data",
      "type": "oci_core_images",
      "name": "images",
      "provider": "provider[\"registry.terraform.io/hashicorp/oci\"]",
      "instances": [
        {
          "schema_version": 0,
          "attributes": {
            "compartment_id": "ocid1.compartment.oc1..aaaaaaaazsbnyvcsqq775ephtvnyn4syrig45wrlcfmfh2bvcg2bfjvgyn2a",
            "display_name": null,
            "filter": null,
            "id": "CoreImagesDataSource-728954020",
            "images": [
              {
                "agent_features": [],
                "base_image_id": "",
                "billable_size_in_gbs": "4",
                "compartment_id": "",
                "create_image_allowed": true,
                "defined_tags": {},
                "display_name": "Oracle-Linux-7.9-2023.03.28-0",
                "freeform_tags": {},
                "id": "ocid1.image.oc1.sa-saopaulo-1.aaaaaaaa5lygsxqwbcm3mdlv3bbyjwm75z6eryd45bpbgdknqpppb6264kiq",
                "image_source_details": [],
                "instance_id": "",
                "launch_mode": "NATIVE",
                "launch_options": [
                  {
                    "boot_volume_type": "PARAVIRTUALIZED",
                    "firmware": "UEFI_64",
                    "is_consistent_volume_naming_enabled": true,
                    "is_pv_encryption_in_transit_enabled": true,
                    "network_type": "PARAVIRTUALIZED",
                    "remote_data_volume_type": "PARAVIRTUALIZED"
                  }
                ],
                "listing_type": "",
                "operating_system": "Oracle Linux",
                "operating_system_version": "7.9",
                "size_in_mbs": "47694",
                "state": "AVAILABLE",
                "time_created": "2023-04-18 05:24:18.315 +0000 UTC"
              },
              {
                "agent_features": [],
                "base_image_id": "",
                "billable_size_in_gbs": "4",
                "compartment_id": "",
                "create_image_allowed": true,
                "defined_tags": {},
                "display_name": "Oracle-Linux-7.9-2023.02.28-1",
                "freeform_tags": {},
                "id": "ocid1.image.oc1.sa-saopaulo-1.aaaaaaaapoliap7pmab3y5xbd5cu5pfvfyaszvt7wcnrf5wvcebaqdhliaja",
                "image_source_details": [],
                "instance_id": "",
                "launch_mode": "NATIVE",
                "launch_options": [
                  {
                    "boot_volume_type": "PARAVIRTUALIZED",
                    "firmware": "UEFI_64",
                    "is_consistent_volume_naming_enabled": true,
                    "is_pv_encryption_in_transit_enabled": true,
                    "network_type": "PARAVIRTUALIZED",
                    "remote_data_volume_type": "PARAVIRTUALIZED"
                  }
                ],
                "listing_type": "",
                "operating_system": "Oracle Linux",
                "operating_system_version": "7.9",
                "size_in_mbs": "47694",
                "state": "AVAILABLE",
                "time_created": "2023-04-06 12:27:46.895 +0000 UTC"
              },
              {
                "agent_features": [],
                "base_image_id": "",
                "billable_size_in_gbs": "6",
                "compartment_id": "",
                "create_image_allowed": true,
                "defined_tags": {},
                "display_name": "Oracle-Linux-7.9-2023.01.31-2",
                "freeform_tags": {},
                "id": "ocid1.image.oc1.sa-saopaulo-1.aaaaaaaa3dwyslg7lcrajlilzlxzxr6idveb7ibv4dgsemvjau3m6icwluba",
                "image_source_details": [],
                "instance_id": "",
                "launch_mode": "NATIVE",
                "launch_options": [
                  {
                    "boot_volume_type": "PARAVIRTUALIZED",
                    "firmware": "UEFI_64",
                    "is_consistent_volume_naming_enabled": true,
                    "is_pv_encryption_in_transit_enabled": true,
                    "network_type": "PARAVIRTUALIZED",
                    "remote_data_volume_type": "PARAVIRTUALIZED"
                  }
                ],
                "listing_type": "",
                "operating_system": "Oracle Linux",
                "operating_system_version": "7.9",
                "size_in_mbs": "47694",
                "state": "AVAILABLE",
                "time_created": "2023-02-07 20:30:54.682 +0000 UTC"
              }
            ],
            "operating_system": "Oracle Linux",
            "operating_system_version": "7.9",
            "shape": "VM.Standard2.1",
            "sort_by": "TIMECREATED",
            "sort_order": "DESC",
            "state": null
          },
          "sensitive_attributes": []
        }
      ]
    },
    {
      "mode": "data",
      "type": "oci_core_images",
      "name": "images_controller",
      "provider": "provider[\"registry.terraform.io/hashicorp/oci\"]",
      "instances": [
        {
          "schema_version": 0,
          "attributes": {
            "compartment_id": "ocid1.compartment.oc1..aaaaaaaazsbnyvcsqq775ephtvnyn4syrig45wrlcfmfh2bvcg2bfjvgyn2a",
            "display_name": null,
            "filter": null,
            "id": "CoreImagesDataSource-3679242158",
            "images": [
              {
                "agent_features": [],
                "base_image_id": "",
                "billable_size_in_gbs": "2",
                "compartment_id": "",
                "create_image_allowed": true,
                "defined_tags": {},
                "display_name": "Canonical-Ubuntu-18.04-2023.04.18-0",
                "freeform_tags": {},
                "id": "ocid1.image.oc1.sa-saopaulo-1.aaaaaaaa2ahpnn2qwppoqmcsdtaa4bwtg2gqp47vzwybv5kksnruk3tftd6q",
                "image_source_details": [],
                "instance_id": "",
                "launch_mode": "NATIVE",
                "launch_options": [
                  {
                    "boot_volume_type": "PARAVIRTUALIZED",
                    "firmware": "UEFI_64",
                    "is_consistent_volume_naming_enabled": true,
                    "is_pv_encryption_in_transit_enabled": true,
                    "network_type": "PARAVIRTUALIZED",
                    "remote_data_volume_type": "PARAVIRTUALIZED"
                  }
                ],
                "listing_type": "",
                "operating_system": "Canonical Ubuntu",
                "operating_system_version": "18.04",
                "size_in_mbs": "47694",
                "state": "AVAILABLE",
                "time_created": "2023-04-27 09:01:13.654 +0000 UTC"
              },
              {
                "agent_features": [],
                "base_image_id": "",
                "billable_size_in_gbs": "2",
                "compartment_id": "",
                "create_image_allowed": true,
                "defined_tags": {},
                "display_name": "Canonical-Ubuntu-18.04-2023.03.17-0",
                "freeform_tags": {},
                "id": "ocid1.image.oc1.sa-saopaulo-1.aaaaaaaaoulgot3gk53eqgxds3c4lyiltz2evhove22fry7hdtymrzu3nrea",
                "image_source_details": [],
                "instance_id": "",
                "launch_mode": "NATIVE",
                "launch_options": [
                  {
                    "boot_volume_type": "PARAVIRTUALIZED",
                    "firmware": "UEFI_64",
                    "is_consistent_volume_naming_enabled": true,
                    "is_pv_encryption_in_transit_enabled": true,
                    "network_type": "PARAVIRTUALIZED",
                    "remote_data_volume_type": "PARAVIRTUALIZED"
                  }
                ],
                "listing_type": "",
                "operating_system": "Canonical Ubuntu",
                "operating_system_version": "18.04",
                "size_in_mbs": "47694",
                "state": "AVAILABLE",
                "time_created": "2023-03-29 11:05:35.901 +0000 UTC"
              },
              {
                "agent_features": [],
                "base_image_id": "",
                "billable_size_in_gbs": "2",
                "compartment_id": "",
                "create_image_allowed": true,
                "defined_tags": {},
                "display_name": "Canonical-Ubuntu-18.04-2023.02.15-0",
                "freeform_tags": {},
                "id": "ocid1.image.oc1.sa-saopaulo-1.aaaaaaaa3bbugbixcb6am2regxx65ul2p7ignxjrezgjjonkkzotfpkq5hlq",
                "image_source_details": [],
                "instance_id": "",
                "launch_mode": "NATIVE",
                "launch_options": [
                  {
                    "boot_volume_type": "PARAVIRTUALIZED",
                    "firmware": "UEFI_64",
                    "is_consistent_volume_naming_enabled": true,
                    "is_pv_encryption_in_transit_enabled": true,
                    "network_type": "PARAVIRTUALIZED",
                    "remote_data_volume_type": "PARAVIRTUALIZED"
                  }
                ],
                "listing_type": "",
                "operating_system": "Canonical Ubuntu",
                "operating_system_version": "18.04",
                "size_in_mbs": "47694",
                "state": "AVAILABLE",
                "time_created": "2023-03-01 16:55:32.453 +0000 UTC"
              }
            ],
            "operating_system": "Canonical Ubuntu",
            "operating_system_version": "18.04",
            "shape": "VM.Standard2.1",
            "sort_by": "TIMECREATED",
            "sort_order": "DESC",
            "state": null
          },
          "sensitive_attributes": []
        }
      ]
    },
    {
      "mode": "data",
      "type": "oci_identity_availability_domains",
      "name": "ads",
      "provider": "provider[\"registry.terraform.io/hashicorp/oci\"]",
      "instances": [
        {
          "schema_version": 0,
          "attributes": {
            "availability_domains": [
              {
                "compartment_id": "ocid1.tenancy.oc1..aaaaaaaazv3wapnqqxhlnmtigfknedmrsho6u7xpt56o3mt2evrgepwuzv6q",
                "id": "ocid1.availabilitydomain.oc1..aaaaaaaay5nesbty7quxigdwtp7axotkcglzi43jvfrnwvbv4dgjerqwxf5a",
                "name": "awmR:SA-SAOPAULO-1-AD-1"
              }
            ],
            "compartment_id": "ocid1.tenancy.oc1..aaaaaaaazv3wapnqqxhlnmtigfknedmrsho6u7xpt56o3mt2evrgepwuzv6q",
            "filter": null,
            "id": "IdentityAvailabilityDomainsDataSource-3677251360"
          },
          "sensitive_attributes": []
        }
      ]
    },
    {
      "mode": "managed",
      "type": "oci_core_instance",
      "name": "Controller",
      "provider": "provider[\"registry.terraform.io/hashicorp/oci\"]",
      "instances": [
        {
          "status": "tainted",
          "schema_version": 0,
          "attributes": {
            "agent_config": [
              {
                "are_all_plugins_disabled": false,
                "is_management_disabled": false,
                "is_monitoring_disabled": false,
                "plugins_config": []
              }
            ],
            "async": null,
            "availability_config": [
              {
                "is_live_migration_preferred": false,
                "recovery_action": "RESTORE_INSTANCE"
              }
            ],
            "availability_domain": "awmR:SA-SAOPAULO-1-AD-1",
            "boot_volume_id": "ocid1.bootvolume.oc1.sa-saopaulo-1.abtxeljroizmrqv4wttwichzpg2zqum63swq4ltky4t5rokgxbb6jhfrjdnq",
            "capacity_reservation_id": null,
            "compartment_id": "ocid1.compartment.oc1..aaaaaaaazsbnyvcsqq775ephtvnyn4syrig45wrlcfmfh2bvcg2bfjvgyn2a",
            "create_vnic_details": [
              {
                "assign_private_dns_record": false,
                "assign_public_ip": "true",
                "defined_tags": {
                  "Oracle-Tags.CreatedBy": "oracleidentitycloudservice/krts@discente.ifpe.edu.br",
                  "Oracle-Tags.CreatedOn": "2023-05-07T13:53:21.731Z"
                },
                "display_name": "Controller",
                "freeform_tags": {},
                "hostname_label": "controller",
                "nsg_ids": null,
                "private_ip": "10.0.1.94",
                "skip_source_dest_check": false,
                "subnet_id": "ocid1.subnet.oc1.sa-saopaulo-1.aaaaaaaafvo4g3t5f3ggcvbn5yfu2pi2fke4a6tnsshycljqemdqmhrx2rka",
                "vlan_id": ""
              }
            ],
            "dedicated_vm_host_id": null,
            "defined_tags": {
              "Oracle-Tags.CreatedBy": "oracleidentitycloudservice/krts@discente.ifpe.edu.br",
              "Oracle-Tags.CreatedOn": "2023-05-07T13:53:21.578Z"
            },
            "display_name": "Controller",
            "extended_metadata": null,
            "fault_domain": "FAULT-DOMAIN-1",
            "freeform_tags": {},
            "hostname_label": "controller",
            "id": "ocid1.instance.oc1.sa-saopaulo-1.antxeljr5lfohuacyathkedj54bss42r2hb42hzgvqqztzhe2a2ngzxj7qja",
            "image": "ocid1.image.oc1.sa-saopaulo-1.aaaaaaaa2ahpnn2qwppoqmcsdtaa4bwtg2gqp47vzwybv5kksnruk3tftd6q",
            "instance_options": [
              {
                "are_legacy_imds_endpoints_disabled": false
              }
            ],
            "ipxe_script": null,
            "is_pv_encryption_in_transit_enabled": null,
            "launch_mode": "PARAVIRTUALIZED",
            "launch_options": [
              {
                "boot_volume_type": "PARAVIRTUALIZED",
                "firmware": "UEFI_64",
                "is_consistent_volume_naming_enabled": true,
                "is_pv_encryption_in_transit_enabled": false,
                "network_type": "PARAVIRTUALIZED",
                "remote_data_volume_type": "PARAVIRTUALIZED"
              }
            ],
            "metadata": {
              "ssh_authorized_keys": "ssh-rsa AAAAB3NzaC1yc2EAAAADAQABAAABgQDLR94NMgdBzXJ0LVbF7QbCoHedc6ilWf6W+MABiglTB6kNNmqprKOg/wE/5iXqcZpTlU24LKNX0XDZo65Wc1hcP/wFBXd0WtO055q5U1g1r2v7wFgVBkFl1NREI20mksRRh5LxPypEUJXr0f1gzJL0zgt1/u4UY7QoFHSxNnAaTPv8ZPpPbk1d6H/Fim12BM92GdKrz0DsjMMGrP98RXUx7d2Q7TRNhIxKsk1vBMz//7B5COvW2ZYgPKVmD2mf3VhvJ6vQ7OMDOiaMNi8S7mO39oKycINOx7xMYEJayGEz/FU8VN3MUI76anlZlAC4Mty7AvoJRlRLd3/MvE2ojfJoJPWXEB6CaiKlEO0CYqY3X3BYxJxeFpMrdASacRoekCy1mtbQhih9X4pfFuy3/Kk29Vc/V6c8D0OeGUTBQ1vxfKzzqWIwfZUspHRCDgxT/I4Qf1cKKwU90IV+AvglGIafMUt0R7xKQVT4H0j/EgHQXfYR7UR03HOPAfrWdRjMk2c= rieri@DESKTOP-RKMUS3R\r\n"
            },
            "platform_config": [],
            "preemptible_instance_config": [],
            "preserve_boot_volume": false,
            "private_ip": "10.0.1.94",
            "public_ip": "129.148.22.164",
            "region": "sa-saopaulo-1",
            "shape": "VM.Standard2.1",
            "shape_config": [
              {
                "baseline_ocpu_utilization": "",
                "gpu_description": "",
                "gpus": 0,
                "local_disk_description": "",
                "local_disks": 0,
                "local_disks_total_size_in_gbs": 0,
                "max_vnic_attachments": 2,
                "memory_in_gbs": 15,
                "networking_bandwidth_in_gbps": 1,
                "nvmes": 0,
                "ocpus": 1,
                "processor_description": "2.0 GHz Intel® Xeon® Platinum 8167M (Skylake)"
              }
            ],
            "source_details": [
              {
                "boot_volume_size_in_gbs": "47",
                "boot_volume_vpus_per_gb": "10",
                "kms_key_id": "",
                "source_id": "ocid1.image.oc1.sa-saopaulo-1.aaaaaaaa2ahpnn2qwppoqmcsdtaa4bwtg2gqp47vzwybv5kksnruk3tftd6q",
                "source_type": "image"
              }
            ],
            "state": "RUNNING",
            "subnet_id": "ocid1.subnet.oc1.sa-saopaulo-1.aaaaaaaafvo4g3t5f3ggcvbn5yfu2pi2fke4a6tnsshycljqemdqmhrx2rka",
            "system_tags": {},
            "time_created": "2023-05-07 13:53:22.109 +0000 UTC",
            "time_maintenance_reboot_due": "",
            "timeouts": null,
            "update_operation_constraint": null
          },
          "sensitive_attributes": [],
          "private": "eyJlMmJmYjczMC1lY2FhLTExZTYtOGY4OC0zNDM2M2JjN2M0YzAiOnsiY3JlYXRlIjoyNzAwMDAwMDAwMDAwLCJkZWxldGUiOjQ1MDAwMDAwMDAwMDAsInVwZGF0ZSI6MjcwMDAwMDAwMDAwMH19",
          "dependencies": [
            "data.oci_core_images.images_controller",
            "data.oci_identity_availability_domains.ads",
            "oci_core_internet_gateway.igw",
            "oci_core_route_table.rt",
            "oci_core_security_list.sl",
            "oci_core_subnet.subnet-cluster",
            "oci_core_virtual_network.vcn"
          ]
        }
      ]
    },
    {
      "mode": "managed",
      "type": "oci_core_internet_gateway",
      "name": "igw",
      "provider": "provider[\"registry.terraform.io/hashicorp/oci\"]",
      "instances": [
        {
          "schema_version": 0,
          "attributes": {
            "compartment_id": "ocid1.compartment.oc1..aaaaaaaazsbnyvcsqq775ephtvnyn4syrig45wrlcfmfh2bvcg2bfjvgyn2a",
            "defined_tags": {
              "Oracle-Tags.CreatedBy": "oracleidentitycloudservice/krts@discente.ifpe.edu.br",
              "Oracle-Tags.CreatedOn": "2023-05-07T13:53:04.999Z"
            },
            "display_name": "igw-terraform",
            "enabled": true,
            "freeform_tags": {},
            "id": "ocid1.internetgateway.oc1.sa-saopaulo-1.aaaaaaaazb2j22awxhoenpzryyxtvl3f73zdltkyk6zrdla3lgtnfretgwpa",
            "route_table_id": null,
            "state": "AVAILABLE",
            "time_created": "2023-05-07 13:53:05.04 +0000 UTC",
            "timeouts": null,
            "vcn_id": "ocid1.vcn.oc1.sa-saopaulo-1.amaaaaaa5lfohuaapckx3qk4rgym7ilto7n4ghi5fsae2iipgrpp3lmnjc2q"
          },
          "sensitive_attributes": [],
          "private": "eyJlMmJmYjczMC1lY2FhLTExZTYtOGY4OC0zNDM2M2JjN2M0YzAiOnsiY3JlYXRlIjoxMjAwMDAwMDAwMDAwLCJkZWxldGUiOjEyMDAwMDAwMDAwMDAsInVwZGF0ZSI6MTIwMDAwMDAwMDAwMH19",
          "dependencies": [
            "oci_core_virtual_network.vcn"
          ]
        }
      ]
    },
    {
      "mode": "managed",
      "type": "oci_core_route_table",
      "name": "rt",
      "provider": "provider[\"registry.terraform.io/hashicorp/oci\"]",
      "instances": [
        {
          "schema_version": 0,
          "attributes": {
            "compartment_id": "ocid1.compartment.oc1..aaaaaaaazsbnyvcsqq775ephtvnyn4syrig45wrlcfmfh2bvcg2bfjvgyn2a",
            "defined_tags": {
              "Oracle-Tags.CreatedBy": "oracleidentitycloudservice/krts@discente.ifpe.edu.br",
              "Oracle-Tags.CreatedOn": "2023-05-07T13:53:05.736Z"
            },
            "display_name": "rtTerraform",
            "freeform_tags": {},
            "id": "ocid1.routetable.oc1.sa-saopaulo-1.aaaaaaaasdfol35yhfec67nbhhazcmmgz5izbasksi42cugkz5obxgyk4y5a",
            "route_rules": [
              {
                "cidr_block": "0.0.0.0/0",
                "description": "",
                "destination": "0.0.0.0/0",
                "destination_type": "CIDR_BLOCK",
                "network_entity_id": "ocid1.internetgateway.oc1.sa-saopaulo-1.aaaaaaaazb2j22awxhoenpzryyxtvl3f73zdltkyk6zrdla3lgtnfretgwpa",
                "route_type": ""
              }
            ],
            "state": "AVAILABLE",
            "time_created": "2023-05-07 13:53:05.76 +0000 UTC",
            "timeouts": null,
            "vcn_id": "ocid1.vcn.oc1.sa-saopaulo-1.amaaaaaa5lfohuaapckx3qk4rgym7ilto7n4ghi5fsae2iipgrpp3lmnjc2q"
          },
          "sensitive_attributes": [],
          "private": "eyJlMmJmYjczMC1lY2FhLTExZTYtOGY4OC0zNDM2M2JjN2M0YzAiOnsiY3JlYXRlIjoxMjAwMDAwMDAwMDAwLCJkZWxldGUiOjEyMDAwMDAwMDAwMDAsInVwZGF0ZSI6MTIwMDAwMDAwMDAwMH19",
          "dependencies": [
            "oci_core_internet_gateway.igw",
            "oci_core_virtual_network.vcn"
          ]
        }
      ]
    },
    {
      "mode": "managed",
      "type": "oci_core_security_list",
      "name": "sl",
      "provider": "provider[\"registry.terraform.io/hashicorp/oci\"]",
      "instances": [
        {
          "schema_version": 0,
          "attributes": {
            "compartment_id": "ocid1.compartment.oc1..aaaaaaaazsbnyvcsqq775ephtvnyn4syrig45wrlcfmfh2bvcg2bfjvgyn2a",
            "defined_tags": {
              "Oracle-Tags.CreatedBy": "oracleidentitycloudservice/krts@discente.ifpe.edu.br",
              "Oracle-Tags.CreatedOn": "2023-05-07T13:53:05.276Z"
            },
            "display_name": "slTerraform",
            "egress_security_rules": [
              {
                "description": "",
                "destination": "0.0.0.0/0",
                "destination_type": "CIDR_BLOCK",
                "icmp_options": [],
                "protocol": "all",
                "stateless": false,
                "tcp_options": [],
                "udp_options": []
              }
            ],
            "freeform_tags": {},
            "id": "ocid1.securitylist.oc1.sa-saopaulo-1.aaaaaaaa7kohgml4w2wgd5vebzxhmmxmm6c6gzgxyrx6laxx3txxo6hi4ygq",
            "ingress_security_rules": [
              {
                "description": "",
                "icmp_options": [],
                "protocol": "all",
                "source": "0.0.0.0/0",
                "source_type": "CIDR_BLOCK",
                "stateless": false,
                "tcp_options": [],
                "udp_options": []
              }
            ],
            "state": "AVAILABLE",
            "time_created": "2023-05-07 13:53:05.317 +0000 UTC",
            "timeouts": null,
            "vcn_id": "ocid1.vcn.oc1.sa-saopaulo-1.amaaaaaa5lfohuaapckx3qk4rgym7ilto7n4ghi5fsae2iipgrpp3lmnjc2q"
          },
          "sensitive_attributes": [],
          "private": "eyJlMmJmYjczMC1lY2FhLTExZTYtOGY4OC0zNDM2M2JjN2M0YzAiOnsiY3JlYXRlIjoxMjAwMDAwMDAwMDAwLCJkZWxldGUiOjEyMDAwMDAwMDAwMDAsInVwZGF0ZSI6MTIwMDAwMDAwMDAwMH19",
          "dependencies": [
            "oci_core_virtual_network.vcn"
          ]
        }
      ]
    },
    {
      "mode": "managed",
      "type": "oci_core_subnet",
      "name": "subnet-cluster",
      "provider": "provider[\"registry.terraform.io/hashicorp/oci\"]",
      "instances": [
        {
          "schema_version": 0,
          "attributes": {
            "availability_domain": null,
            "cidr_block": "10.0.1.0/24",
            "compartment_id": "ocid1.compartment.oc1..aaaaaaaazsbnyvcsqq775ephtvnyn4syrig45wrlcfmfh2bvcg2bfjvgyn2a",
            "defined_tags": {
              "Oracle-Tags.CreatedBy": "oracleidentitycloudservice/krts@discente.ifpe.edu.br",
              "Oracle-Tags.CreatedOn": "2023-05-07T13:53:06.380Z"
            },
            "dhcp_options_id": "ocid1.dhcpoptions.oc1.sa-saopaulo-1.aaaaaaaahzyp5pnlnowjqkb66vqztg2hxj7fublrsns44n6le3w66aiwa7aq",
            "display_name": "subnetcluster",
            "dns_label": "subnetcluster",
            "freeform_tags": {},
            "id": "ocid1.subnet.oc1.sa-saopaulo-1.aaaaaaaafvo4g3t5f3ggcvbn5yfu2pi2fke4a6tnsshycljqemdqmhrx2rka",
            "ipv6cidr_block": null,
            "ipv6cidr_blocks": [],
            "ipv6virtual_router_ip": null,
            "prohibit_internet_ingress": false,
            "prohibit_public_ip_on_vnic": false,
            "route_table_id": "ocid1.routetable.oc1.sa-saopaulo-1.aaaaaaaasdfol35yhfec67nbhhazcmmgz5izbasksi42cugkz5obxgyk4y5a",
            "security_list_ids": [
              "ocid1.securitylist.oc1.sa-saopaulo-1.aaaaaaaa7kohgml4w2wgd5vebzxhmmxmm6c6gzgxyrx6laxx3txxo6hi4ygq"
            ],
            "state": "AVAILABLE",
            "subnet_domain_name": "subnetcluster.vcnterraform.oraclevcn.com",
            "time_created": "2023-05-07 13:53:06.45 +0000 UTC",
            "timeouts": null,
            "vcn_id": "ocid1.vcn.oc1.sa-saopaulo-1.amaaaaaa5lfohuaapckx3qk4rgym7ilto7n4ghi5fsae2iipgrpp3lmnjc2q",
            "virtual_router_ip": "10.0.1.1",
            "virtual_router_mac": "00:00:17:65:B8:FD"
          },
          "sensitive_attributes": [],
          "private": "eyJlMmJmYjczMC1lY2FhLTExZTYtOGY4OC0zNDM2M2JjN2M0YzAiOnsiY3JlYXRlIjoxMjAwMDAwMDAwMDAwLCJkZWxldGUiOjEyMDAwMDAwMDAwMDAsInVwZGF0ZSI6MTIwMDAwMDAwMDAwMH19",
          "dependencies": [
            "oci_core_internet_gateway.igw",
            "oci_core_route_table.rt",
            "oci_core_security_list.sl",
            "oci_core_virtual_network.vcn"
          ]
        }
      ]
    },
    {
      "mode": "managed",
      "type": "oci_core_subnet",
      "name": "subnet-nodepool",
      "provider": "provider[\"registry.terraform.io/hashicorp/oci\"]",
      "instances": [
        {
          "schema_version": 0,
          "attributes": {
            "availability_domain": null,
            "cidr_block": "10.0.0.0/24",
            "compartment_id": "ocid1.compartment.oc1..aaaaaaaazsbnyvcsqq775ephtvnyn4syrig45wrlcfmfh2bvcg2bfjvgyn2a",
            "defined_tags": {
              "Oracle-Tags.CreatedBy": "oracleidentitycloudservice/krts@discente.ifpe.edu.br",
              "Oracle-Tags.CreatedOn": "2023-05-07T13:53:06.358Z"
            },
            "dhcp_options_id": "ocid1.dhcpoptions.oc1.sa-saopaulo-1.aaaaaaaahzyp5pnlnowjqkb66vqztg2hxj7fublrsns44n6le3w66aiwa7aq",
            "display_name": "subnetnodepool",
            "dns_label": "subnetnodepool",
            "freeform_tags": {},
            "id": "ocid1.subnet.oc1.sa-saopaulo-1.aaaaaaaafsrgz2xfelreqjqyhugo7okl6ofnfkqeamzn6tniw6k6k5omidta",
            "ipv6cidr_block": null,
            "ipv6cidr_blocks": [],
            "ipv6virtual_router_ip": null,
            "prohibit_internet_ingress": false,
            "prohibit_public_ip_on_vnic": false,
            "route_table_id": "ocid1.routetable.oc1.sa-saopaulo-1.aaaaaaaasdfol35yhfec67nbhhazcmmgz5izbasksi42cugkz5obxgyk4y5a",
            "security_list_ids": [
              "ocid1.securitylist.oc1.sa-saopaulo-1.aaaaaaaa7kohgml4w2wgd5vebzxhmmxmm6c6gzgxyrx6laxx3txxo6hi4ygq"
            ],
            "state": "AVAILABLE",
            "subnet_domain_name": "subnetnodepool.vcnterraform.oraclevcn.com",
            "time_created": "2023-05-07 13:53:06.966 +0000 UTC",
            "timeouts": null,
            "vcn_id": "ocid1.vcn.oc1.sa-saopaulo-1.amaaaaaa5lfohuaapckx3qk4rgym7ilto7n4ghi5fsae2iipgrpp3lmnjc2q",
            "virtual_router_ip": "10.0.0.1",
            "virtual_router_mac": "00:00:17:65:B8:FD"
          },
          "sensitive_attributes": [],
          "private": "eyJlMmJmYjczMC1lY2FhLTExZTYtOGY4OC0zNDM2M2JjN2M0YzAiOnsiY3JlYXRlIjoxMjAwMDAwMDAwMDAwLCJkZWxldGUiOjEyMDAwMDAwMDAwMDAsInVwZGF0ZSI6MTIwMDAwMDAwMDAwMH19",
          "dependencies": [
            "oci_core_internet_gateway.igw",
            "oci_core_route_table.rt",
            "oci_core_security_list.sl",
            "oci_core_virtual_network.vcn"
          ]
        }
      ]
    },
    {
      "mode": "managed",
      "type": "oci_core_virtual_network",
      "name": "vcn",
      "provider": "provider[\"registry.terraform.io/hashicorp/oci\"]",
      "instances": [
        {
          "schema_version": 0,
          "attributes": {
            "byoipv6cidr_blocks": [],
            "byoipv6cidr_details": null,
            "cidr_block": "10.0.0.0/16",
            "cidr_blocks": [
              "10.0.0.0/16"
            ],
            "compartment_id": "ocid1.compartment.oc1..aaaaaaaazsbnyvcsqq775ephtvnyn4syrig45wrlcfmfh2bvcg2bfjvgyn2a",
            "default_dhcp_options_id": "ocid1.dhcpoptions.oc1.sa-saopaulo-1.aaaaaaaahzyp5pnlnowjqkb66vqztg2hxj7fublrsns44n6le3w66aiwa7aq",
            "default_route_table_id": "ocid1.routetable.oc1.sa-saopaulo-1.aaaaaaaat3ekyr5vc35jnqp2zgiu5u6tn4skurqjck4yuxrv2pgm3sqpnnra",
            "default_security_list_id": "ocid1.securitylist.oc1.sa-saopaulo-1.aaaaaaaaqmbh33h54looeqqcduoti6bsllzps64fxk3r6kjr2s3ylel4gshq",
            "defined_tags": {
              "Oracle-Tags.CreatedBy": "oracleidentitycloudservice/krts@discente.ifpe.edu.br",
              "Oracle-Tags.CreatedOn": "2023-05-07T13:53:03.977Z"
            },
            "display_name": "vcn-terraform",
            "dns_label": "vcnterraform",
            "freeform_tags": {},
            "id": "ocid1.vcn.oc1.sa-saopaulo-1.amaaaaaa5lfohuaapckx3qk4rgym7ilto7n4ghi5fsae2iipgrpp3lmnjc2q",
            "ipv6cidr_blocks": [],
            "ipv6private_cidr_blocks": [],
            "is_ipv6enabled": false,
            "is_oracle_gua_allocation_enabled": null,
            "state": "AVAILABLE",
            "time_created": "2023-05-07 13:53:04.142 +0000 UTC",
            "timeouts": null,
            "vcn_domain_name": "vcnterraform.oraclevcn.com"
          },
          "sensitive_attributes": [],
          "private": "eyJlMmJmYjczMC1lY2FhLTExZTYtOGY4OC0zNDM2M2JjN2M0YzAiOnsiY3JlYXRlIjoxMjAwMDAwMDAwMDAwLCJkZWxldGUiOjEyMDAwMDAwMDAwMDAsInVwZGF0ZSI6MTIwMDAwMDAwMDAwMH19"
        }
      ]
    }
  ],
  "check_results": null
}
