{
  "version": 4,
  "terraform_version": "1.3.9",
  "serial": 71,
  "lineage": "955d9e63-e66b-3b50-4a53-827ae7622d99",
  "outputs": {},
  "resources": [
    {
      "mode": "data",
      "type": "oci_containerengine_cluster_kube_config",
      "name": "cluster_kube_config",
      "provider": "provider[\"registry.terraform.io/hashicorp/oci\"]",
      "instances": [
        {
          "schema_version": 0,
          "attributes": {
            "cluster_id": "ocid1.cluster.oc1.sa-saopaulo-1.aaaaaaaa76wdhjowqf6bcxkdm2fhdzlgueuqxdfzviyuuukp6c72raa3ot2a",
            "content": "---\napiVersion: v1\nkind: \"\"\nclusters:\n- name: cluster-c72raa3ot2a\n  cluster:\n    server: https://192.29.128.167:6443\n    certificate-authority-data: LS0tLS1CRUdJTiBDRVJUSUZJQ0FURS0tLS0tCk1JSURpVENDQW5HZ0F3SUJBZ0lSQU94WG5xODZpaXpkNm5pU2ZIUHpFR1F3RFFZSktvWklodmNOQVFFTEJRQXcKWGpFUE1BMEdBMVVFQXd3R1N6aHpJRU5CTVFzd0NRWURWUVFHRXdKVlV6RVBNQTBHQTFVRUJ3d0dRWFZ6ZEdsdQpNUTh3RFFZRFZRUUtEQVpQY21GamJHVXhEREFLQmdOVkJBc01BMDlqYVRFT01Bd0dBMVVFQ0F3RlZHVjRZWE13CkhoY05Nak13TXpJM01USXhNREExV2hjTk1qZ3dNekkzTVRJeE1EQTFXakJlTVE4d0RRWURWUVFEREFaTE9ITWcKUTBFeEN6QUpCZ05WQkFZVEFsVlRNUTh3RFFZRFZRUUhEQVpCZFhOMGFXNHhEekFOQmdOVkJBb01Cazl5WVdOcwpaVEVNTUFvR0ExVUVDd3dEVDJOcE1RNHdEQVlEVlFRSURBVlVaWGhoY3pDQ0FTSXdEUVlKS29aSWh2Y05BUUVCCkJRQURnZ0VQQURDQ0FRb0NnZ0VCQUo0UVdSbEN2TUttNFlIaG0zUzBjTE53NWd0SzRucWhnWTdMQ3NhZjBGMzcKK3ZTU2s2OHVLY0ZQN1VOTVZwSWkxMVUxTDQ0M3BFbTQ1TXllZDFoUmI2b3ArM1FWV0V6VExUVlFSVWMvVHZmcQpqUk1iZFdjMEpqZk1abUwzdEdSeVJENDF5M01NY1pvQjRHcUpLZ0FTUE9mQlRxUzRMTVUyM0pMcHNMMFdyK3A0CkIvb1VlYit2LytlSGlMZ0hVUnd5ajNLcHI5L3pXWC9kMitGNTVoWndzZFFkanRkL3g1V0Uzd2lxNU51UG1wMTcKTXpZQTFZTHl6MWUycEZzcWN1azlNSnY1VzNZS0lBZjVteUY3SXo3a1UxK1hEaURpSlVISDhNcWZjdzZncldLZQpIbk9nWWR4LzRhS0RMak5DckZqTzhQUlcydldQaStlQVZhZEExR1pCT2dzQ0F3RUFBYU5DTUVBd0R3WURWUjBUCkFRSC9CQVV3QXdFQi96QU9CZ05WSFE4QkFmOEVCQU1DQVFZd0hRWURWUjBPQkJZRUZJTG82dGZ6T1F5NzZFQ0QKMTc3MW9NcWNqOXFmTUEwR0NTcUdTSWIzRFFFQkN3VUFBNElCQVFBTE1QVWxZaG9tdlFqVDZEMGdiN3BtMnF3eQpzelBUNDBKdzM3REZjWVVSWnVMVWZjVjMyOEpkSlI1dFd4U2g0bXlOQ0ZRWW1tem80S0IzTFBGK05zeEFFUVQrClZSSTFpTkNwczBkVTFGWkx6Mnc4czVZcWVPZnYxMlRlalk5T3k5YXBxbHROaFBIcHZQaGMraDFmckszckl5anUKV3ZZUUNaZkp0MnFRWDZXanZDWDk1UXRKR1FpUnVFSUFqaGNHVXUwOWRvNS9DQnJEQWloSFlzYUt6WkhKSXNXSQpQanE2TllYcU1namV3Y1FLYklmQWNqMSszTHBvVk5jOFJ3clNzL0RHNUEyWk5KQWhjNDh1K2FhR0hDV1lQTW51CmxBMTBkTUZ1MmhqWmlKOTV3Nm1VcVBJQ0VqMzBPZzdVejZLeFpUQlNpZUFRM1oxMjFPWEthR1dqK2Q4RQotLS0tLUVORCBDRVJUSUZJQ0FURS0tLS0tCg==\nusers:\n- name: user-c72raa3ot2a\n  user:\n    exec:\n      apiVersion: client.authentication.k8s.io/v1beta1\n      command: oci\n      args:\n      - ce\n      - cluster\n      - generate-token\n      - --cluster-id\n      - ocid1.cluster.oc1.sa-saopaulo-1.aaaaaaaa76wdhjowqf6bcxkdm2fhdzlgueuqxdfzviyuuukp6c72raa3ot2a\n      - --region\n      - sa-saopaulo-1\n      env: []\ncontexts:\n- name: context-c72raa3ot2a\n  context:\n    cluster: cluster-c72raa3ot2a\n    user: user-c72raa3ot2a\ncurrent-context: context-c72raa3ot2a\n",
            "endpoint": null,
            "expiration": 2592000,
            "id": "ContainerengineClusterKubeConfigDataSource-2360774383",
            "token_version": null
          },
          "sensitive_attributes": []
        }
      ]
    },
    {
      "mode": "data",
      "type": "oci_core_images",
      "name": "images",
      "provider": "provider[\"registry.terraform.io/hashicorp/oci\"]",
      "instances": [
        {
          "schema_version": 0,
          "attributes": {
            "compartment_id": "ocid1.compartment.oc1..aaaaaaaazsbnyvcsqq775ephtvnyn4syrig45wrlcfmfh2bvcg2bfjvgyn2a",
            "display_name": null,
            "filter": null,
            "id": "CoreImagesDataSource-728954020",
            "images": [
              {
                "agent_features": [],
                "base_image_id": "",
                "billable_size_in_gbs": "6",
                "compartment_id": "",
                "create_image_allowed": true,
                "defined_tags": {},
                "display_name": "Oracle-Linux-7.9-2023.01.31-2",
                "freeform_tags": {},
                "id": "ocid1.image.oc1.sa-saopaulo-1.aaaaaaaa3dwyslg7lcrajlilzlxzxr6idveb7ibv4dgsemvjau3m6icwluba",
                "image_source_details": [],
                "instance_id": "",
                "launch_mode": "NATIVE",
                "launch_options": [
                  {
                    "boot_volume_type": "PARAVIRTUALIZED",
                    "firmware": "UEFI_64",
                    "is_consistent_volume_naming_enabled": true,
                    "is_pv_encryption_in_transit_enabled": true,
                    "network_type": "PARAVIRTUALIZED",
                    "remote_data_volume_type": "PARAVIRTUALIZED"
                  }
                ],
                "listing_type": "",
                "operating_system": "Oracle Linux",
                "operating_system_version": "7.9",
                "size_in_mbs": "47694",
                "state": "AVAILABLE",
                "time_created": "2023-02-07 20:30:54.682 +0000 UTC"
              },
              {
                "agent_features": [],
                "base_image_id": "",
                "billable_size_in_gbs": "6",
                "compartment_id": "",
                "create_image_allowed": true,
                "defined_tags": {},
                "display_name": "Oracle-Linux-7.9-2022.12.15-0",
                "freeform_tags": {},
                "id": "ocid1.image.oc1.sa-saopaulo-1.aaaaaaaay4rq7eg5j5c55vlwth43y6xrhhbivagj5vosae2a56acpr3xavya",
                "image_source_details": [],
                "instance_id": "",
                "launch_mode": "NATIVE",
                "launch_options": [
                  {
                    "boot_volume_type": "PARAVIRTUALIZED",
                    "firmware": "UEFI_64",
                    "is_consistent_volume_naming_enabled": true,
                    "is_pv_encryption_in_transit_enabled": true,
                    "network_type": "PARAVIRTUALIZED",
                    "remote_data_volume_type": "PARAVIRTUALIZED"
                  }
                ],
                "listing_type": "",
                "operating_system": "Oracle Linux",
                "operating_system_version": "7.9",
                "size_in_mbs": "47694",
                "state": "AVAILABLE",
                "time_created": "2022-12-20 15:37:28.82 +0000 UTC"
              },
              {
                "agent_features": [],
                "base_image_id": "",
                "billable_size_in_gbs": "5",
                "compartment_id": "",
                "create_image_allowed": true,
                "defined_tags": {},
                "display_name": "Oracle-Linux-7.9-2022.11.21-0",
                "freeform_tags": {},
                "id": "ocid1.image.oc1.sa-saopaulo-1.aaaaaaaawq2k4qvu7ygx7274qjyxxkinb7nnjzxqyr6vsywmzp6ngiq6xexa",
                "image_source_details": [],
                "instance_id": "",
                "launch_mode": "NATIVE",
                "launch_options": [
                  {
                    "boot_volume_type": "PARAVIRTUALIZED",
                    "firmware": "UEFI_64",
                    "is_consistent_volume_naming_enabled": true,
                    "is_pv_encryption_in_transit_enabled": true,
                    "network_type": "PARAVIRTUALIZED",
                    "remote_data_volume_type": "PARAVIRTUALIZED"
                  }
                ],
                "listing_type": "",
                "operating_system": "Oracle Linux",
                "operating_system_version": "7.9",
                "size_in_mbs": "47694",
                "state": "AVAILABLE",
                "time_created": "2022-12-05 14:37:38.203 +0000 UTC"
              }
            ],
            "operating_system": "Oracle Linux",
            "operating_system_version": "7.9",
            "shape": "VM.Standard2.1",
            "sort_by": "TIMECREATED",
            "sort_order": "DESC",
            "state": null
          },
          "sensitive_attributes": []
        }
      ]
    },
    {
      "mode": "data",
      "type": "oci_core_images",
      "name": "images_controller",
      "provider": "provider[\"registry.terraform.io/hashicorp/oci\"]",
      "instances": [
        {
          "schema_version": 0,
          "attributes": {
            "compartment_id": "ocid1.compartment.oc1..aaaaaaaazsbnyvcsqq775ephtvnyn4syrig45wrlcfmfh2bvcg2bfjvgyn2a",
            "display_name": null,
            "filter": null,
            "id": "CoreImagesDataSource-3679242158",
            "images": [
              {
                "agent_features": [],
                "base_image_id": "",
                "billable_size_in_gbs": "2",
                "compartment_id": "",
                "create_image_allowed": true,
                "defined_tags": {},
                "display_name": "Canonical-Ubuntu-18.04-2023.02.15-0",
                "freeform_tags": {},
                "id": "ocid1.image.oc1.sa-saopaulo-1.aaaaaaaa3bbugbixcb6am2regxx65ul2p7ignxjrezgjjonkkzotfpkq5hlq",
                "image_source_details": [],
                "instance_id": "",
                "launch_mode": "NATIVE",
                "launch_options": [
                  {
                    "boot_volume_type": "PARAVIRTUALIZED",
                    "firmware": "UEFI_64",
                    "is_consistent_volume_naming_enabled": true,
                    "is_pv_encryption_in_transit_enabled": true,
                    "network_type": "PARAVIRTUALIZED",
                    "remote_data_volume_type": "PARAVIRTUALIZED"
                  }
                ],
                "listing_type": "",
                "operating_system": "Canonical Ubuntu",
                "operating_system_version": "18.04",
                "size_in_mbs": "47694",
                "state": "AVAILABLE",
                "time_created": "2023-03-01 16:55:32.453 +0000 UTC"
              },
              {
                "agent_features": [],
                "base_image_id": "",
                "billable_size_in_gbs": "2",
                "compartment_id": "",
                "create_image_allowed": true,
                "defined_tags": {},
                "display_name": "Canonical-Ubuntu-18.04-2023.01.31-0",
                "freeform_tags": {},
                "id": "ocid1.image.oc1.sa-saopaulo-1.aaaaaaaaadhhbdet65mu5vmjpbdrz7jqlbwe2h4qgjjugophoqqco6g4f6vq",
                "image_source_details": [],
                "instance_id": "",
                "launch_mode": "NATIVE",
                "launch_options": [
                  {
                    "boot_volume_type": "PARAVIRTUALIZED",
                    "firmware": "UEFI_64",
                    "is_consistent_volume_naming_enabled": true,
                    "is_pv_encryption_in_transit_enabled": true,
                    "network_type": "PARAVIRTUALIZED",
                    "remote_data_volume_type": "PARAVIRTUALIZED"
                  }
                ],
                "listing_type": "",
                "operating_system": "Canonical Ubuntu",
                "operating_system_version": "18.04",
                "size_in_mbs": "47694",
                "state": "AVAILABLE",
                "time_created": "2023-02-06 06:06:31.754 +0000 UTC"
              },
              {
                "agent_features": [],
                "base_image_id": "",
                "billable_size_in_gbs": "2",
                "compartment_id": "",
                "create_image_allowed": true,
                "defined_tags": {},
                "display_name": "Canonical-Ubuntu-18.04-2022.10.27-0",
                "freeform_tags": {},
                "id": "ocid1.image.oc1.sa-saopaulo-1.aaaaaaaa6xc4luxjfirgkoswbtowbz37gotwrpe2qbvjsfu42fnlewjcv2pa",
                "image_source_details": [],
                "instance_id": "",
                "launch_mode": "NATIVE",
                "launch_options": [
                  {
                    "boot_volume_type": "PARAVIRTUALIZED",
                    "firmware": "UEFI_64",
                    "is_consistent_volume_naming_enabled": true,
                    "is_pv_encryption_in_transit_enabled": true,
                    "network_type": "PARAVIRTUALIZED",
                    "remote_data_volume_type": "PARAVIRTUALIZED"
                  }
                ],
                "listing_type": "",
                "operating_system": "Canonical Ubuntu",
                "operating_system_version": "18.04",
                "size_in_mbs": "47694",
                "state": "AVAILABLE",
                "time_created": "2022-11-09 15:43:24.746 +0000 UTC"
              }
            ],
            "operating_system": "Canonical Ubuntu",
            "operating_system_version": "18.04",
            "shape": "VM.Standard2.1",
            "sort_by": "TIMECREATED",
            "sort_order": "DESC",
            "state": null
          },
          "sensitive_attributes": []
        }
      ]
    },
    {
      "mode": "data",
      "type": "oci_identity_availability_domains",
      "name": "ads",
      "provider": "provider[\"registry.terraform.io/hashicorp/oci\"]",
      "instances": [
        {
          "schema_version": 0,
          "attributes": {
            "availability_domains": [
              {
                "compartment_id": "ocid1.tenancy.oc1..aaaaaaaazv3wapnqqxhlnmtigfknedmrsho6u7xpt56o3mt2evrgepwuzv6q",
                "id": "ocid1.availabilitydomain.oc1..aaaaaaaay5nesbty7quxigdwtp7axotkcglzi43jvfrnwvbv4dgjerqwxf5a",
                "name": "awmR:SA-SAOPAULO-1-AD-1"
              }
            ],
            "compartment_id": "ocid1.tenancy.oc1..aaaaaaaazv3wapnqqxhlnmtigfknedmrsho6u7xpt56o3mt2evrgepwuzv6q",
            "filter": null,
            "id": "IdentityAvailabilityDomainsDataSource-3677251360"
          },
          "sensitive_attributes": []
        }
      ]
    },
    {
      "mode": "managed",
      "type": "local_file",
      "name": "cluster_kube_config_file",
      "provider": "provider[\"registry.terraform.io/hashicorp/local\"]",
      "instances": [
        {
          "schema_version": 0,
          "attributes": {
            "content": "---\napiVersion: v1\nkind: \"\"\nclusters:\n- name: cluster-c72raa3ot2a\n  cluster:\n    server: https://192.29.128.167:6443\n    certificate-authority-data: LS0tLS1CRUdJTiBDRVJUSUZJQ0FURS0tLS0tCk1JSURpVENDQW5HZ0F3SUJBZ0lSQU94WG5xODZpaXpkNm5pU2ZIUHpFR1F3RFFZSktvWklodmNOQVFFTEJRQXcKWGpFUE1BMEdBMVVFQXd3R1N6aHpJRU5CTVFzd0NRWURWUVFHRXdKVlV6RVBNQTBHQTFVRUJ3d0dRWFZ6ZEdsdQpNUTh3RFFZRFZRUUtEQVpQY21GamJHVXhEREFLQmdOVkJBc01BMDlqYVRFT01Bd0dBMVVFQ0F3RlZHVjRZWE13CkhoY05Nak13TXpJM01USXhNREExV2hjTk1qZ3dNekkzTVRJeE1EQTFXakJlTVE4d0RRWURWUVFEREFaTE9ITWcKUTBFeEN6QUpCZ05WQkFZVEFsVlRNUTh3RFFZRFZRUUhEQVpCZFhOMGFXNHhEekFOQmdOVkJBb01Cazl5WVdOcwpaVEVNTUFvR0ExVUVDd3dEVDJOcE1RNHdEQVlEVlFRSURBVlVaWGhoY3pDQ0FTSXdEUVlKS29aSWh2Y05BUUVCCkJRQURnZ0VQQURDQ0FRb0NnZ0VCQUo0UVdSbEN2TUttNFlIaG0zUzBjTE53NWd0SzRucWhnWTdMQ3NhZjBGMzcKK3ZTU2s2OHVLY0ZQN1VOTVZwSWkxMVUxTDQ0M3BFbTQ1TXllZDFoUmI2b3ArM1FWV0V6VExUVlFSVWMvVHZmcQpqUk1iZFdjMEpqZk1abUwzdEdSeVJENDF5M01NY1pvQjRHcUpLZ0FTUE9mQlRxUzRMTVUyM0pMcHNMMFdyK3A0CkIvb1VlYit2LytlSGlMZ0hVUnd5ajNLcHI5L3pXWC9kMitGNTVoWndzZFFkanRkL3g1V0Uzd2lxNU51UG1wMTcKTXpZQTFZTHl6MWUycEZzcWN1azlNSnY1VzNZS0lBZjVteUY3SXo3a1UxK1hEaURpSlVISDhNcWZjdzZncldLZQpIbk9nWWR4LzRhS0RMak5DckZqTzhQUlcydldQaStlQVZhZEExR1pCT2dzQ0F3RUFBYU5DTUVBd0R3WURWUjBUCkFRSC9CQVV3QXdFQi96QU9CZ05WSFE4QkFmOEVCQU1DQVFZd0hRWURWUjBPQkJZRUZJTG82dGZ6T1F5NzZFQ0QKMTc3MW9NcWNqOXFmTUEwR0NTcUdTSWIzRFFFQkN3VUFBNElCQVFBTE1QVWxZaG9tdlFqVDZEMGdiN3BtMnF3eQpzelBUNDBKdzM3REZjWVVSWnVMVWZjVjMyOEpkSlI1dFd4U2g0bXlOQ0ZRWW1tem80S0IzTFBGK05zeEFFUVQrClZSSTFpTkNwczBkVTFGWkx6Mnc4czVZcWVPZnYxMlRlalk5T3k5YXBxbHROaFBIcHZQaGMraDFmckszckl5anUKV3ZZUUNaZkp0MnFRWDZXanZDWDk1UXRKR1FpUnVFSUFqaGNHVXUwOWRvNS9DQnJEQWloSFlzYUt6WkhKSXNXSQpQanE2TllYcU1namV3Y1FLYklmQWNqMSszTHBvVk5jOFJ3clNzL0RHNUEyWk5KQWhjNDh1K2FhR0hDV1lQTW51CmxBMTBkTUZ1MmhqWmlKOTV3Nm1VcVBJQ0VqMzBPZzdVejZLeFpUQlNpZUFRM1oxMjFPWEthR1dqK2Q4RQotLS0tLUVORCBDRVJUSUZJQ0FURS0tLS0tCg==\nusers:\n- name: user-c72raa3ot2a\n  user:\n    exec:\n      apiVersion: client.authentication.k8s.io/v1beta1\n      command: oci\n      args:\n      - ce\n      - cluster\n      - generate-token\n      - --cluster-id\n      - ocid1.cluster.oc1.sa-saopaulo-1.aaaaaaaa76wdhjowqf6bcxkdm2fhdzlgueuqxdfzviyuuukp6c72raa3ot2a\n      - --region\n      - sa-saopaulo-1\n      env: []\ncontexts:\n- name: context-c72raa3ot2a\n  context:\n    cluster: cluster-c72raa3ot2a\n    user: user-c72raa3ot2a\ncurrent-context: context-c72raa3ot2a\n",
            "content_base64": null,
            "content_base64sha256": "FesOXj0d5YvUHVahDHpa9uefcqWCBWPY81ulRZdnpFE=",
            "content_base64sha512": "eGSLIKFKBZ5EeIvr0r43qPbdBjprLCYJsRR/PzQDOyV/OtSq+cH2braF9pqXQy5isBmZ3yy7UOrWIxYs2LzVTA==",
            "content_md5": "768cd9114ac494afb285a7c0bde3f4ab",
            "content_sha1": "0035ffec3e265443d988b62cc9bda0bef0078fe2",
            "content_sha256": "15eb0e5e3d1de58bd41d56a10c7a5af6e79f72a5820563d8f35ba5459767a451",
            "content_sha512": "78648b20a14a059e44788bebd2be37a8f6dd063a6b2c2609b1147f3f34033b257f3ad4aaf9c1f66eb685f69a97432e62b01999df2cbb50ead623162cd8bcd54c",
            "directory_permission": "0777",
            "file_permission": "0777",
            "filename": "config",
            "id": "0035ffec3e265443d988b62cc9bda0bef0078fe2",
            "sensitive_content": null,
            "source": null
          },
          "sensitive_attributes": [],
          "dependencies": [
            "data.oci_containerengine_cluster_kube_config.cluster_kube_config"
          ]
        }
      ]
    },
    {
      "mode": "managed",
      "type": "null_resource",
      "name": "run_ansible",
      "provider": "provider[\"registry.terraform.io/hashicorp/null\"]",
      "instances": [
        {
          "status": "tainted",
          "schema_version": 0,
          "attributes": {
            "id": "3096652052394505051",
            "triggers": null
          },
          "sensitive_attributes": [],
          "dependencies": [
            "data.oci_core_images.images_controller",
            "data.oci_identity_availability_domains.ads",
            "oci_core_instance.Controller",
            "oci_core_subnet.subnet-cluster"
          ]
        }
      ]
    },
    {
      "mode": "managed",
      "type": "oci_containerengine_cluster",
      "name": "oke-cluster",
      "provider": "provider[\"registry.terraform.io/hashicorp/oci\"]",
      "instances": [
        {
          "schema_version": 0,
          "attributes": {
            "available_kubernetes_upgrades": [],
            "cluster_pod_network_options": [
              {
                "cni_type": "FLANNEL_OVERLAY"
              }
            ],
            "compartment_id": "ocid1.compartment.oc1..aaaaaaaazsbnyvcsqq775ephtvnyn4syrig45wrlcfmfh2bvcg2bfjvgyn2a",
            "defined_tags": {
              "Oracle-Tags.CreatedBy": "oracleidentitycloudservice/krts@discente.ifpe.edu.br",
              "Oracle-Tags.CreatedOn": "2023-03-27T12:09:17.107Z"
            },
            "endpoint_config": [],
            "endpoints": [
              {
                "kubernetes": "192.29.128.167:6443",
                "private_endpoint": "",
                "public_endpoint": "",
                "vcn_hostname_endpoint": ""
              }
            ],
            "freeform_tags": {},
            "id": "ocid1.cluster.oc1.sa-saopaulo-1.aaaaaaaa76wdhjowqf6bcxkdm2fhdzlgueuqxdfzviyuuukp6c72raa3ot2a",
            "image_policy_config": [
              {
                "is_policy_enabled": false,
                "key_details": []
              }
            ],
            "kms_key_id": null,
            "kubernetes_version": "v1.25.4",
            "lifecycle_details": null,
            "metadata": [
              {
                "created_by_user_id": "ocid1.user.oc1..aaaaaaaakhqiyb2tsh3h2zwqltj5tmxmtlrgnofs27qwgui4bo5sb2pcq6uq",
                "created_by_work_request_id": "ocid1.clustersworkrequest.oc1.sa-saopaulo-1.aaaaaaaas6aoavpubw7y2al3thumpnugsyu4s4xegpyhz77f2wogoetjhvmq",
                "deleted_by_user_id": "",
                "deleted_by_work_request_id": "",
                "time_created": "2023-03-27 12:09:18 +0000 UTC",
                "time_deleted": "",
                "time_updated": "",
                "updated_by_user_id": "",
                "updated_by_work_request_id": ""
              }
            ],
            "name": "oke-cluster",
            "options": [
              {
                "add_ons": [
                  {
                    "is_kubernetes_dashboard_enabled": false,
                    "is_tiller_enabled": false
                  }
                ],
                "admission_controller_options": [
                  {
                    "is_pod_security_policy_enabled": false
                  }
                ],
                "kubernetes_network_config": [
                  {
                    "pods_cidr": "10.244.0.0/16",
                    "services_cidr": "10.96.0.0/16"
                  }
                ],
                "persistent_volume_config": [
                  {
                    "defined_tags": {},
                    "freeform_tags": {}
                  }
                ],
                "service_lb_config": [
                  {
                    "defined_tags": {},
                    "freeform_tags": {}
                  }
                ],
                "service_lb_subnet_ids": [
                  "ocid1.subnet.oc1.sa-saopaulo-1.aaaaaaaalp2i5uxgrxiqzxr4jv4klgask6ulyqofyhdyepfuvwhey7ktkmya"
                ]
              }
            ],
            "state": "ACTIVE",
            "timeouts": null,
            "vcn_id": "ocid1.vcn.oc1.sa-saopaulo-1.amaaaaaa5lfohuaaf77py5zxic26q5n43j34ktxgnfshhhwytr4uiujltc6q"
          },
          "sensitive_attributes": [],
          "private": "eyJlMmJmYjczMC1lY2FhLTExZTYtOGY4OC0zNDM2M2JjN2M0YzAiOnsiY3JlYXRlIjozNjAwMDAwMDAwMDAwLCJkZWxldGUiOjM2MDAwMDAwMDAwMDAsInVwZGF0ZSI6MzYwMDAwMDAwMDAwMH19",
          "dependencies": [
            "oci_core_internet_gateway.igw",
            "oci_core_route_table.rt",
            "oci_core_security_list.sl",
            "oci_core_subnet.subnet-cluster",
            "oci_core_virtual_network.vcn"
          ]
        }
      ]
    },
    {
      "mode": "managed",
      "type": "oci_containerengine_node_pool",
      "name": "nodepool_oke",
      "provider": "provider[\"registry.terraform.io/hashicorp/oci\"]",
      "instances": [
        {
          "schema_version": 0,
          "attributes": {
            "cluster_id": "ocid1.cluster.oc1.sa-saopaulo-1.aaaaaaaa76wdhjowqf6bcxkdm2fhdzlgueuqxdfzviyuuukp6c72raa3ot2a",
            "compartment_id": "ocid1.compartment.oc1..aaaaaaaazsbnyvcsqq775ephtvnyn4syrig45wrlcfmfh2bvcg2bfjvgyn2a",
            "defined_tags": {
              "Oracle-Tags.CreatedBy": "oracleidentitycloudservice/krts@discente.ifpe.edu.br",
              "Oracle-Tags.CreatedOn": "2023-03-27T12:26:26.853Z"
            },
            "freeform_tags": {},
            "id": "ocid1.nodepool.oc1.sa-saopaulo-1.aaaaaaaawql7pbxr43d2qxy3n74zsibwe7uv47mecjglbpv6pnyihqeb67za",
            "initial_node_labels": [
              {
                "key": "key1",
                "value": "oke-cluster"
              }
            ],
            "kubernetes_version": "v1.25.4",
            "lifecycle_details": null,
            "name": "pool-1",
            "node_config_details": [
              {
                "defined_tags": {},
                "freeform_tags": {},
                "is_pv_encryption_in_transit_enabled": false,
                "kms_key_id": "",
                "node_pool_pod_network_option_details": [
                  {
                    "cni_type": "FLANNEL_OVERLAY",
                    "max_pods_per_node": 0,
                    "pod_nsg_ids": [],
                    "pod_subnet_ids": []
                  }
                ],
                "nsg_ids": [],
                "placement_configs": [
                  {
                    "availability_domain": "awmR:SA-SAOPAULO-1-AD-1",
                    "capacity_reservation_id": "",
                    "fault_domains": [],
                    "subnet_id": "ocid1.subnet.oc1.sa-saopaulo-1.aaaaaaaa4cyfsbiuji4rj3iqgjheoag76iuzq2lhmvh32ujzybqhumm4y7fq"
                  }
                ],
                "size": 3
              }
            ],
            "node_eviction_node_pool_settings": [],
            "node_image_id": "ocid1.image.oc1.sa-saopaulo-1.aaaaaaaa3dwyslg7lcrajlilzlxzxr6idveb7ibv4dgsemvjau3m6icwluba",
            "node_image_name": "Oracle-Linux-7.9-2023.01.31-2",
            "node_metadata": {},
            "node_shape": "VM.Standard2.1",
            "node_shape_config": [],
            "node_source": [
              {
                "image_id": "ocid1.image.oc1.sa-saopaulo-1.aaaaaaaa3dwyslg7lcrajlilzlxzxr6idveb7ibv4dgsemvjau3m6icwluba",
                "source_name": "Oracle-Linux-7.9-2023.01.31-2",
                "source_type": "IMAGE"
              }
            ],
            "node_source_details": [
              {
                "boot_volume_size_in_gbs": "",
                "image_id": "ocid1.image.oc1.sa-saopaulo-1.aaaaaaaa3dwyslg7lcrajlilzlxzxr6idveb7ibv4dgsemvjau3m6icwluba",
                "source_type": "IMAGE"
              }
            ],
            "nodes": [
              {
                "availability_domain": "awmR:SA-SAOPAULO-1-AD-1",
                "defined_tags": {},
                "error": [],
                "fault_domain": "FAULT-DOMAIN-1",
                "freeform_tags": {},
                "id": "ocid1.instance.oc1.sa-saopaulo-1.antxeljr5lfohuachjlwbg5wa27qyab3zkneofgm4wddjezorqfaj6huhlmq",
                "kubernetes_version": "v1.25.4",
                "lifecycle_details": "",
                "name": "oke-c72raa3ot2a-nyihqeb67za-sqhumm4y7fq-0",
                "node_pool_id": "ocid1.nodepool.oc1.sa-saopaulo-1.aaaaaaaawql7pbxr43d2qxy3n74zsibwe7uv47mecjglbpv6pnyihqeb67za",
                "private_ip": "10.0.0.216",
                "public_ip": "132.226.242.68",
                "state": "ACTIVE",
                "subnet_id": "ocid1.subnet.oc1.sa-saopaulo-1.aaaaaaaa4cyfsbiuji4rj3iqgjheoag76iuzq2lhmvh32ujzybqhumm4y7fq"
              },
              {
                "availability_domain": "awmR:SA-SAOPAULO-1-AD-1",
                "defined_tags": {},
                "error": [],
                "fault_domain": "FAULT-DOMAIN-2",
                "freeform_tags": {},
                "id": "ocid1.instance.oc1.sa-saopaulo-1.antxeljr5lfohuacikccosshngkzgkudjr5zxixyx2y66l2n5daseh2enjvq",
                "kubernetes_version": "v1.25.4",
                "lifecycle_details": "",
                "name": "oke-c72raa3ot2a-nyihqeb67za-sqhumm4y7fq-1",
                "node_pool_id": "ocid1.nodepool.oc1.sa-saopaulo-1.aaaaaaaawql7pbxr43d2qxy3n74zsibwe7uv47mecjglbpv6pnyihqeb67za",
                "private_ip": "10.0.0.229",
                "public_ip": "164.152.37.39",
                "state": "ACTIVE",
                "subnet_id": "ocid1.subnet.oc1.sa-saopaulo-1.aaaaaaaa4cyfsbiuji4rj3iqgjheoag76iuzq2lhmvh32ujzybqhumm4y7fq"
              },
              {
                "availability_domain": "awmR:SA-SAOPAULO-1-AD-1",
                "defined_tags": {},
                "error": [],
                "fault_domain": "FAULT-DOMAIN-3",
                "freeform_tags": {},
                "id": "ocid1.instance.oc1.sa-saopaulo-1.antxeljr5lfohuac5yfxupnpffkosepcro63eryouzn52vqu272qs6jmiyca",
                "kubernetes_version": "v1.25.4",
                "lifecycle_details": "",
                "name": "oke-c72raa3ot2a-nyihqeb67za-sqhumm4y7fq-2",
                "node_pool_id": "ocid1.nodepool.oc1.sa-saopaulo-1.aaaaaaaawql7pbxr43d2qxy3n74zsibwe7uv47mecjglbpv6pnyihqeb67za",
                "private_ip": "10.0.0.151",
                "public_ip": "132.226.160.37",
                "state": "ACTIVE",
                "subnet_id": "ocid1.subnet.oc1.sa-saopaulo-1.aaaaaaaa4cyfsbiuji4rj3iqgjheoag76iuzq2lhmvh32ujzybqhumm4y7fq"
              }
            ],
            "quantity_per_subnet": 0,
            "ssh_public_key": null,
            "state": "ACTIVE",
            "subnet_ids": [
              "ocid1.subnet.oc1.sa-saopaulo-1.aaaaaaaa4cyfsbiuji4rj3iqgjheoag76iuzq2lhmvh32ujzybqhumm4y7fq"
            ],
            "timeouts": null
          },
          "sensitive_attributes": [],
          "private": "eyJlMmJmYjczMC1lY2FhLTExZTYtOGY4OC0zNDM2M2JjN2M0YzAiOnsiY3JlYXRlIjozMDAwMDAwMDAwMDAwLCJkZWxldGUiOjMwMDAwMDAwMDAwMDAsInVwZGF0ZSI6MzAwMDAwMDAwMDAwMH19",
          "dependencies": [
            "data.oci_core_images.images",
            "data.oci_identity_availability_domains.ads",
            "oci_containerengine_cluster.oke-cluster",
            "oci_core_internet_gateway.igw",
            "oci_core_route_table.rt",
            "oci_core_security_list.sl",
            "oci_core_subnet.subnet-cluster",
            "oci_core_subnet.subnet-nodepool",
            "oci_core_virtual_network.vcn"
          ]
        }
      ]
    },
    {
      "mode": "managed",
      "type": "oci_core_instance",
      "name": "Controller",
      "provider": "provider[\"registry.terraform.io/hashicorp/oci\"]",
      "instances": [
        {
          "schema_version": 0,
          "attributes": {
            "agent_config": [
              {
                "are_all_plugins_disabled": false,
                "is_management_disabled": false,
                "is_monitoring_disabled": false,
                "plugins_config": []
              }
            ],
            "async": null,
            "availability_config": [
              {
                "is_live_migration_preferred": false,
                "recovery_action": "RESTORE_INSTANCE"
              }
            ],
            "availability_domain": "awmR:SA-SAOPAULO-1-AD-1",
            "boot_volume_id": "ocid1.bootvolume.oc1.sa-saopaulo-1.abtxeljrqm4lupdvcdeon35beflwckymmdxowiyj7ym26woiuqo7jqvmh76q",
            "capacity_reservation_id": null,
            "compartment_id": "ocid1.compartment.oc1..aaaaaaaazsbnyvcsqq775ephtvnyn4syrig45wrlcfmfh2bvcg2bfjvgyn2a",
            "create_vnic_details": [
              {
                "assign_private_dns_record": false,
                "assign_public_ip": "true",
                "defined_tags": {
                  "Oracle-Tags.CreatedBy": "oracleidentitycloudservice/krts@discente.ifpe.edu.br",
                  "Oracle-Tags.CreatedOn": "2023-03-27T12:40:14.149Z"
                },
                "display_name": "Controller",
                "freeform_tags": {},
                "hostname_label": "controller",
                "nsg_ids": null,
                "private_ip": "10.0.1.223",
                "skip_source_dest_check": false,
                "subnet_id": "ocid1.subnet.oc1.sa-saopaulo-1.aaaaaaaalp2i5uxgrxiqzxr4jv4klgask6ulyqofyhdyepfuvwhey7ktkmya",
                "vlan_id": ""
              }
            ],
            "dedicated_vm_host_id": null,
            "defined_tags": {
              "Oracle-Tags.CreatedBy": "oracleidentitycloudservice/krts@discente.ifpe.edu.br",
              "Oracle-Tags.CreatedOn": "2023-03-27T12:40:13.940Z"
            },
            "display_name": "Controller",
            "extended_metadata": null,
            "fault_domain": "FAULT-DOMAIN-2",
            "freeform_tags": {},
            "hostname_label": "controller",
            "id": "ocid1.instance.oc1.sa-saopaulo-1.antxeljr5lfohuac6pjufqa5o7qum6rrgtat6rdbrxbuttrlzhffhx5jvqmq",
            "image": "ocid1.image.oc1.sa-saopaulo-1.aaaaaaaa3bbugbixcb6am2regxx65ul2p7ignxjrezgjjonkkzotfpkq5hlq",
            "instance_options": [
              {
                "are_legacy_imds_endpoints_disabled": false
              }
            ],
            "ipxe_script": null,
            "is_pv_encryption_in_transit_enabled": null,
            "launch_mode": "PARAVIRTUALIZED",
            "launch_options": [
              {
                "boot_volume_type": "PARAVIRTUALIZED",
                "firmware": "UEFI_64",
                "is_consistent_volume_naming_enabled": true,
                "is_pv_encryption_in_transit_enabled": false,
                "network_type": "PARAVIRTUALIZED",
                "remote_data_volume_type": "PARAVIRTUALIZED"
              }
            ],
            "metadata": {
              "ssh_authorized_keys": "ssh-rsa AAAAB3NzaC1yc2EAAAADAQABAAABgQDLR94NMgdBzXJ0LVbF7QbCoHedc6ilWf6W+MABiglTB6kNNmqprKOg/wE/5iXqcZpTlU24LKNX0XDZo65Wc1hcP/wFBXd0WtO055q5U1g1r2v7wFgVBkFl1NREI20mksRRh5LxPypEUJXr0f1gzJL0zgt1/u4UY7QoFHSxNnAaTPv8ZPpPbk1d6H/Fim12BM92GdKrz0DsjMMGrP98RXUx7d2Q7TRNhIxKsk1vBMz//7B5COvW2ZYgPKVmD2mf3VhvJ6vQ7OMDOiaMNi8S7mO39oKycINOx7xMYEJayGEz/FU8VN3MUI76anlZlAC4Mty7AvoJRlRLd3/MvE2ojfJoJPWXEB6CaiKlEO0CYqY3X3BYxJxeFpMrdASacRoekCy1mtbQhih9X4pfFuy3/Kk29Vc/V6c8D0OeGUTBQ1vxfKzzqWIwfZUspHRCDgxT/I4Qf1cKKwU90IV+AvglGIafMUt0R7xKQVT4H0j/EgHQXfYR7UR03HOPAfrWdRjMk2c= rieri@DESKTOP-RKMUS3R\r\n"
            },
            "platform_config": [],
            "preemptible_instance_config": [],
            "preserve_boot_volume": false,
            "private_ip": "10.0.1.223",
            "public_ip": "164.152.53.80",
            "region": "sa-saopaulo-1",
            "shape": "VM.Standard2.1",
            "shape_config": [
              {
                "baseline_ocpu_utilization": "",
                "gpu_description": "",
                "gpus": 0,
                "local_disk_description": "",
                "local_disks": 0,
                "local_disks_total_size_in_gbs": 0,
                "max_vnic_attachments": 2,
                "memory_in_gbs": 15,
                "networking_bandwidth_in_gbps": 1,
                "nvmes": 0,
                "ocpus": 1,
                "processor_description": "2.0 GHz Intel® Xeon® Platinum 8167M (Skylake)"
              }
            ],
            "source_details": [
              {
                "boot_volume_size_in_gbs": "47",
                "boot_volume_vpus_per_gb": "10",
                "kms_key_id": "",
                "source_id": "ocid1.image.oc1.sa-saopaulo-1.aaaaaaaa3bbugbixcb6am2regxx65ul2p7ignxjrezgjjonkkzotfpkq5hlq",
                "source_type": "image"
              }
            ],
            "state": "RUNNING",
            "subnet_id": "ocid1.subnet.oc1.sa-saopaulo-1.aaaaaaaalp2i5uxgrxiqzxr4jv4klgask6ulyqofyhdyepfuvwhey7ktkmya",
            "system_tags": {},
            "time_created": "2023-03-27 12:40:14.885 +0000 UTC",
            "time_maintenance_reboot_due": "",
            "timeouts": null,
            "update_operation_constraint": null
          },
          "sensitive_attributes": [],
          "private": "eyJlMmJmYjczMC1lY2FhLTExZTYtOGY4OC0zNDM2M2JjN2M0YzAiOnsiY3JlYXRlIjoyNzAwMDAwMDAwMDAwLCJkZWxldGUiOjQ1MDAwMDAwMDAwMDAsInVwZGF0ZSI6MjcwMDAwMDAwMDAwMH19",
          "dependencies": [
            "data.oci_core_images.images_controller",
            "data.oci_identity_availability_domains.ads",
            "oci_core_subnet.subnet-cluster"
          ]
        }
      ]
    },
    {
      "mode": "managed",
      "type": "oci_core_internet_gateway",
      "name": "igw",
      "provider": "provider[\"registry.terraform.io/hashicorp/oci\"]",
      "instances": [
        {
          "schema_version": 0,
          "attributes": {
            "compartment_id": "ocid1.compartment.oc1..aaaaaaaazsbnyvcsqq775ephtvnyn4syrig45wrlcfmfh2bvcg2bfjvgyn2a",
            "defined_tags": {
              "Oracle-Tags.CreatedBy": "oracleidentitycloudservice/krts@discente.ifpe.edu.br",
              "Oracle-Tags.CreatedOn": "2023-03-27T12:09:06.939Z"
            },
            "display_name": "igw-terraform",
            "enabled": true,
            "freeform_tags": {},
            "id": "ocid1.internetgateway.oc1.sa-saopaulo-1.aaaaaaaabecn7v3xqwwvymmyw2m7hlyxeo6sb34kdzhrtoj6tqwx7dbivhxq",
            "route_table_id": null,
            "state": "AVAILABLE",
            "time_created": "2023-03-27 12:09:06.998 +0000 UTC",
            "timeouts": null,
            "vcn_id": "ocid1.vcn.oc1.sa-saopaulo-1.amaaaaaa5lfohuaaf77py5zxic26q5n43j34ktxgnfshhhwytr4uiujltc6q"
          },
          "sensitive_attributes": [],
          "private": "eyJlMmJmYjczMC1lY2FhLTExZTYtOGY4OC0zNDM2M2JjN2M0YzAiOnsiY3JlYXRlIjoxMjAwMDAwMDAwMDAwLCJkZWxldGUiOjEyMDAwMDAwMDAwMDAsInVwZGF0ZSI6MTIwMDAwMDAwMDAwMH19",
          "dependencies": [
            "oci_core_virtual_network.vcn"
          ]
        }
      ]
    },
    {
      "mode": "managed",
      "type": "oci_core_route_table",
      "name": "rt",
      "provider": "provider[\"registry.terraform.io/hashicorp/oci\"]",
      "instances": [
        {
          "schema_version": 0,
          "attributes": {
            "compartment_id": "ocid1.compartment.oc1..aaaaaaaazsbnyvcsqq775ephtvnyn4syrig45wrlcfmfh2bvcg2bfjvgyn2a",
            "defined_tags": {
              "Oracle-Tags.CreatedBy": "oracleidentitycloudservice/krts@discente.ifpe.edu.br",
              "Oracle-Tags.CreatedOn": "2023-03-27T12:09:07.901Z"
            },
            "display_name": "rtTerraform",
            "freeform_tags": {},
            "id": "ocid1.routetable.oc1.sa-saopaulo-1.aaaaaaaalxwr35gdyglbcmpblm7xynxilljtvnwjxqblbq7g4k7n7tww36aq",
            "route_rules": [
              {
                "cidr_block": "0.0.0.0/0",
                "description": "",
                "destination": "0.0.0.0/0",
                "destination_type": "CIDR_BLOCK",
                "network_entity_id": "ocid1.internetgateway.oc1.sa-saopaulo-1.aaaaaaaabecn7v3xqwwvymmyw2m7hlyxeo6sb34kdzhrtoj6tqwx7dbivhxq",
                "route_type": ""
              }
            ],
            "state": "AVAILABLE",
            "time_created": "2023-03-27 12:09:07.92 +0000 UTC",
            "timeouts": null,
            "vcn_id": "ocid1.vcn.oc1.sa-saopaulo-1.amaaaaaa5lfohuaaf77py5zxic26q5n43j34ktxgnfshhhwytr4uiujltc6q"
          },
          "sensitive_attributes": [],
          "private": "eyJlMmJmYjczMC1lY2FhLTExZTYtOGY4OC0zNDM2M2JjN2M0YzAiOnsiY3JlYXRlIjoxMjAwMDAwMDAwMDAwLCJkZWxldGUiOjEyMDAwMDAwMDAwMDAsInVwZGF0ZSI6MTIwMDAwMDAwMDAwMH19",
          "dependencies": [
            "oci_core_internet_gateway.igw",
            "oci_core_virtual_network.vcn"
          ]
        }
      ]
    },
    {
      "mode": "managed",
      "type": "oci_core_security_list",
      "name": "sl",
      "provider": "provider[\"registry.terraform.io/hashicorp/oci\"]",
      "instances": [
        {
          "schema_version": 0,
          "attributes": {
            "compartment_id": "ocid1.compartment.oc1..aaaaaaaazsbnyvcsqq775ephtvnyn4syrig45wrlcfmfh2bvcg2bfjvgyn2a",
            "defined_tags": {
              "Oracle-Tags.CreatedBy": "oracleidentitycloudservice/krts@discente.ifpe.edu.br",
              "Oracle-Tags.CreatedOn": "2023-03-27T12:09:07.402Z"
            },
            "display_name": "slTerraform",
            "egress_security_rules": [
              {
                "description": "",
                "destination": "0.0.0.0/0",
                "destination_type": "CIDR_BLOCK",
                "icmp_options": [],
                "protocol": "all",
                "stateless": false,
                "tcp_options": [],
                "udp_options": []
              }
            ],
            "freeform_tags": {},
            "id": "ocid1.securitylist.oc1.sa-saopaulo-1.aaaaaaaapp5uwp4svc5ly6st5f7bmvav5behmqwkvwctrn7vkzydn4hsdatq",
            "ingress_security_rules": [
              {
                "description": "",
                "icmp_options": [],
                "protocol": "all",
                "source": "0.0.0.0/0",
                "source_type": "CIDR_BLOCK",
                "stateless": false,
                "tcp_options": [],
                "udp_options": []
              }
            ],
            "state": "AVAILABLE",
            "time_created": "2023-03-27 12:09:07.475 +0000 UTC",
            "timeouts": null,
            "vcn_id": "ocid1.vcn.oc1.sa-saopaulo-1.amaaaaaa5lfohuaaf77py5zxic26q5n43j34ktxgnfshhhwytr4uiujltc6q"
          },
          "sensitive_attributes": [],
          "private": "eyJlMmJmYjczMC1lY2FhLTExZTYtOGY4OC0zNDM2M2JjN2M0YzAiOnsiY3JlYXRlIjoxMjAwMDAwMDAwMDAwLCJkZWxldGUiOjEyMDAwMDAwMDAwMDAsInVwZGF0ZSI6MTIwMDAwMDAwMDAwMH19",
          "dependencies": [
            "oci_core_virtual_network.vcn"
          ]
        }
      ]
    },
    {
      "mode": "managed",
      "type": "oci_core_subnet",
      "name": "subnet-cluster",
      "provider": "provider[\"registry.terraform.io/hashicorp/oci\"]",
      "instances": [
        {
          "schema_version": 0,
          "attributes": {
            "availability_domain": null,
            "cidr_block": "10.0.1.0/24",
            "compartment_id": "ocid1.compartment.oc1..aaaaaaaazsbnyvcsqq775ephtvnyn4syrig45wrlcfmfh2bvcg2bfjvgyn2a",
            "defined_tags": {
              "Oracle-Tags.CreatedBy": "oracleidentitycloudservice/krts@discente.ifpe.edu.br",
              "Oracle-Tags.CreatedOn": "2023-03-27T12:09:08.549Z"
            },
            "dhcp_options_id": "ocid1.dhcpoptions.oc1.sa-saopaulo-1.aaaaaaaamoizl6ksl34cve3xzd7fk6kwjq6zsq7cz2euor3s56l5beke7xxa",
            "display_name": "subnetcluster",
            "dns_label": "subnetcluster",
            "freeform_tags": {},
            "id": "ocid1.subnet.oc1.sa-saopaulo-1.aaaaaaaalp2i5uxgrxiqzxr4jv4klgask6ulyqofyhdyepfuvwhey7ktkmya",
            "ipv6cidr_block": null,
            "ipv6cidr_blocks": [],
            "ipv6virtual_router_ip": null,
            "prohibit_internet_ingress": false,
            "prohibit_public_ip_on_vnic": false,
            "route_table_id": "ocid1.routetable.oc1.sa-saopaulo-1.aaaaaaaalxwr35gdyglbcmpblm7xynxilljtvnwjxqblbq7g4k7n7tww36aq",
            "security_list_ids": [
              "ocid1.securitylist.oc1.sa-saopaulo-1.aaaaaaaapp5uwp4svc5ly6st5f7bmvav5behmqwkvwctrn7vkzydn4hsdatq"
            ],
            "state": "AVAILABLE",
            "subnet_domain_name": "subnetcluster.vcnterraform.oraclevcn.com",
            "time_created": "2023-03-27 12:09:08.62 +0000 UTC",
            "timeouts": null,
            "vcn_id": "ocid1.vcn.oc1.sa-saopaulo-1.amaaaaaa5lfohuaaf77py5zxic26q5n43j34ktxgnfshhhwytr4uiujltc6q",
            "virtual_router_ip": "10.0.1.1",
            "virtual_router_mac": "00:00:17:38:E9:BD"
          },
          "sensitive_attributes": [],
          "private": "eyJlMmJmYjczMC1lY2FhLTExZTYtOGY4OC0zNDM2M2JjN2M0YzAiOnsiY3JlYXRlIjoxMjAwMDAwMDAwMDAwLCJkZWxldGUiOjEyMDAwMDAwMDAwMDAsInVwZGF0ZSI6MTIwMDAwMDAwMDAwMH19",
          "dependencies": [
            "oci_core_internet_gateway.igw",
            "oci_core_route_table.rt",
            "oci_core_security_list.sl",
            "oci_core_virtual_network.vcn"
          ]
        }
      ]
    },
    {
      "mode": "managed",
      "type": "oci_core_subnet",
      "name": "subnet-nodepool",
      "provider": "provider[\"registry.terraform.io/hashicorp/oci\"]",
      "instances": [
        {
          "schema_version": 0,
          "attributes": {
            "availability_domain": null,
            "cidr_block": "10.0.0.0/24",
            "compartment_id": "ocid1.compartment.oc1..aaaaaaaazsbnyvcsqq775ephtvnyn4syrig45wrlcfmfh2bvcg2bfjvgyn2a",
            "defined_tags": {
              "Oracle-Tags.CreatedBy": "oracleidentitycloudservice/krts@discente.ifpe.edu.br",
              "Oracle-Tags.CreatedOn": "2023-03-27T12:09:08.516Z"
            },
            "dhcp_options_id": "ocid1.dhcpoptions.oc1.sa-saopaulo-1.aaaaaaaamoizl6ksl34cve3xzd7fk6kwjq6zsq7cz2euor3s56l5beke7xxa",
            "display_name": "subnetnodepool",
            "dns_label": "subnetnodepool",
            "freeform_tags": {},
            "id": "ocid1.subnet.oc1.sa-saopaulo-1.aaaaaaaa4cyfsbiuji4rj3iqgjheoag76iuzq2lhmvh32ujzybqhumm4y7fq",
            "ipv6cidr_block": null,
            "ipv6cidr_blocks": [],
            "ipv6virtual_router_ip": null,
            "prohibit_internet_ingress": false,
            "prohibit_public_ip_on_vnic": false,
            "route_table_id": "ocid1.routetable.oc1.sa-saopaulo-1.aaaaaaaalxwr35gdyglbcmpblm7xynxilljtvnwjxqblbq7g4k7n7tww36aq",
            "security_list_ids": [
              "ocid1.securitylist.oc1.sa-saopaulo-1.aaaaaaaapp5uwp4svc5ly6st5f7bmvav5behmqwkvwctrn7vkzydn4hsdatq"
            ],
            "state": "AVAILABLE",
            "subnet_domain_name": "subnetnodepool.vcnterraform.oraclevcn.com",
            "time_created": "2023-03-27 12:09:09.075 +0000 UTC",
            "timeouts": null,
            "vcn_id": "ocid1.vcn.oc1.sa-saopaulo-1.amaaaaaa5lfohuaaf77py5zxic26q5n43j34ktxgnfshhhwytr4uiujltc6q",
            "virtual_router_ip": "10.0.0.1",
            "virtual_router_mac": "00:00:17:38:E9:BD"
          },
          "sensitive_attributes": [],
          "private": "eyJlMmJmYjczMC1lY2FhLTExZTYtOGY4OC0zNDM2M2JjN2M0YzAiOnsiY3JlYXRlIjoxMjAwMDAwMDAwMDAwLCJkZWxldGUiOjEyMDAwMDAwMDAwMDAsInVwZGF0ZSI6MTIwMDAwMDAwMDAwMH19",
          "dependencies": [
            "oci_core_internet_gateway.igw",
            "oci_core_route_table.rt",
            "oci_core_security_list.sl",
            "oci_core_virtual_network.vcn"
          ]
        }
      ]
    },
    {
      "mode": "managed",
      "type": "oci_core_virtual_network",
      "name": "vcn",
      "provider": "provider[\"registry.terraform.io/hashicorp/oci\"]",
      "instances": [
        {
          "schema_version": 0,
          "attributes": {
            "byoipv6cidr_blocks": [],
            "byoipv6cidr_details": [],
            "cidr_block": "10.0.0.0/16",
            "cidr_blocks": [
              "10.0.0.0/16"
            ],
            "compartment_id": "ocid1.compartment.oc1..aaaaaaaazsbnyvcsqq775ephtvnyn4syrig45wrlcfmfh2bvcg2bfjvgyn2a",
            "default_dhcp_options_id": "ocid1.dhcpoptions.oc1.sa-saopaulo-1.aaaaaaaamoizl6ksl34cve3xzd7fk6kwjq6zsq7cz2euor3s56l5beke7xxa",
            "default_route_table_id": "ocid1.routetable.oc1.sa-saopaulo-1.aaaaaaaa2mxtolfublyfkntnku7vghygk3lhkjhufnfjho26nqlcomcnonjq",
            "default_security_list_id": "ocid1.securitylist.oc1.sa-saopaulo-1.aaaaaaaabn5iomyr7udy2zajgvirxep4wyfywm52lfsrvn2arqjkhj6tq6ba",
            "defined_tags": {
              "Oracle-Tags.CreatedBy": "oracleidentitycloudservice/krts@discente.ifpe.edu.br",
              "Oracle-Tags.CreatedOn": "2023-03-27T12:09:05.733Z"
            },
            "display_name": "vcn-terraform",
            "dns_label": "vcnterraform",
            "freeform_tags": {},
            "id": "ocid1.vcn.oc1.sa-saopaulo-1.amaaaaaa5lfohuaaf77py5zxic26q5n43j34ktxgnfshhhwytr4uiujltc6q",
            "ipv6cidr_blocks": [],
            "ipv6private_cidr_blocks": [],
            "is_ipv6enabled": false,
            "is_oracle_gua_allocation_enabled": null,
            "state": "AVAILABLE",
            "time_created": "2023-03-27 12:09:05.895 +0000 UTC",
            "timeouts": null,
            "vcn_domain_name": "vcnterraform.oraclevcn.com"
          },
          "sensitive_attributes": [],
          "private": "eyJlMmJmYjczMC1lY2FhLTExZTYtOGY4OC0zNDM2M2JjN2M0YzAiOnsiY3JlYXRlIjoxMjAwMDAwMDAwMDAwLCJkZWxldGUiOjEyMDAwMDAwMDAwMDAsInVwZGF0ZSI6MTIwMDAwMDAwMDAwMH19"
        }
      ]
    }
  ],
  "check_results": null
}
